// !$*UTF8*$!
{
	archiveVersion = 1;
	classes = {
	};
	objectVersion = 46;
	objects = {

/* Begin PBXBuildFile section */
		37EDD7AC1D111BAD005E79F9 /* main.m in Sources */ = {isa = PBXBuildFile; fileRef = 37EDD7AB1D111BAD005E79F9 /* main.m */; };
		37EDD7AF1D111BAD005E79F9 /* AppDelegate.m in Sources */ = {isa = PBXBuildFile; fileRef = 37EDD7AE1D111BAD005E79F9 /* AppDelegate.m */; };
		37EDD7B21D111BAD005E79F9 /* ViewController.m in Sources */ = {isa = PBXBuildFile; fileRef = 37EDD7B11D111BAD005E79F9 /* ViewController.m */; };
		37EDD7B51D111BAD005E79F9 /* Main.storyboard in Resources */ = {isa = PBXBuildFile; fileRef = 37EDD7B31D111BAD005E79F9 /* Main.storyboard */; };
		37EDD7B71D111BAD005E79F9 /* Assets.xcassets in Resources */ = {isa = PBXBuildFile; fileRef = 37EDD7B61D111BAD005E79F9 /* Assets.xcassets */; };
		37EDD7BA1D111BAD005E79F9 /* LaunchScreen.storyboard in Resources */ = {isa = PBXBuildFile; fileRef = 37EDD7B81D111BAD005E79F9 /* LaunchScreen.storyboard */; };
		37EDD7C61D111C03005E79F9 /* 10283709,2560,1600.jpg in Resources */ = {isa = PBXBuildFile; fileRef = 37EDD7C11D111C03005E79F9 /* 10283709,2560,1600.jpg */; };
		37EDD7C71D111C03005E79F9 /* 10335130,2560,1600.jpg in Resources */ = {isa = PBXBuildFile; fileRef = 37EDD7C21D111C03005E79F9 /* 10335130,2560,1600.jpg */; };
		37EDD7C81D111C03005E79F9 /* 10816802,2560,1600.jpg in Resources */ = {isa = PBXBuildFile; fileRef = 37EDD7C31D111C03005E79F9 /* 10816802,2560,1600.jpg */; };
		37EDD7C91D111C03005E79F9 /* 10996839,2560,1600.jpg in Resources */ = {isa = PBXBuildFile; fileRef = 37EDD7C41D111C03005E79F9 /* 10996839,2560,1600.jpg */; };
		37EDD7CA1D111C03005E79F9 /* 11010596,2560,1600.jpg in Resources */ = {isa = PBXBuildFile; fileRef = 37EDD7C51D111C03005E79F9 /* 11010596,2560,1600.jpg */; };
		37EDD7D11D111F63005E79F9 /* ViewCell.m in Sources */ = {isa = PBXBuildFile; fileRef = 37EDD7D01D111F63005E79F9 /* ViewCell.m */; };
		37EDD7D41D111FA6005E79F9 /* DeatilViewController.m in Sources */ = {isa = PBXBuildFile; fileRef = 37EDD7D31D111FA6005E79F9 /* DeatilViewController.m */; };
		37EDD7D61D112695005E79F9 /* Accelerate.framework in Frameworks */ = {isa = PBXBuildFile; fileRef = 37EDD7D51D112695005E79F9 /* Accelerate.framework */; };
		37EDD7D91D112970005E79F9 /* UIImage+ImageEffects.m in Sources */ = {isa = PBXBuildFile; fileRef = 37EDD7D81D112970005E79F9 /* UIImage+ImageEffects.m */; };
/* End PBXBuildFile section */

/* Begin PBXFileReference section */
		37EDD7A71D111BAD005E79F9 /* MistinessViewDemo.app */ = {isa = PBXFileReference; explicitFileType = wrapper.application; includeInIndex = 0; path = MistinessViewDemo.app; sourceTree = BUILT_PRODUCTS_DIR; };
		37EDD7AB1D111BAD005E79F9 /* main.m */ = {isa = PBXFileReference; lastKnownFileType = sourcecode.c.objc; path = main.m; sourceTree = "<group>"; };
		37EDD7AD1D111BAD005E79F9 /* AppDelegate.h */ = {isa = PBXFileReference; lastKnownFileType = sourcecode.c.h; path = AppDelegate.h; sourceTree = "<group>"; };
		37EDD7AE1D111BAD005E79F9 /* AppDelegate.m */ = {isa = PBXFileReference; lastKnownFileType = sourcecode.c.objc; path = AppDelegate.m; sourceTree = "<group>"; };
		37EDD7B01D111BAD005E79F9 /* ViewController.h */ = {isa = PBXFileReference; lastKnownFileType = sourcecode.c.h; path = ViewController.h; sourceTree = "<group>"; };
		37EDD7B11D111BAD005E79F9 /* ViewController.m */ = {isa = PBXFileReference; lastKnownFileType = sourcecode.c.objc; path = ViewController.m; sourceTree = "<group>"; };
		37EDD7B41D111BAD005E79F9 /* Base */ = {isa = PBXFileReference; lastKnownFileType = file.storyboard; name = Base; path = Base.lproj/Main.storyboard; sourceTree = "<group>"; };
		37EDD7B61D111BAD005E79F9 /* Assets.xcassets */ = {isa = PBXFileReference; lastKnownFileType = folder.assetcatalog; path = Assets.xcassets; sourceTree = "<group>"; };
		37EDD7B91D111BAD005E79F9 /* Base */ = {isa = PBXFileReference; lastKnownFileType = file.storyboard; name = Base; path = Base.lproj/LaunchScreen.storyboard; sourceTree = "<group>"; };
		37EDD7BB1D111BAD005E79F9 /* Info.plist */ = {isa = PBXFileReference; lastKnownFileType = text.plist.xml; path = Info.plist; sourceTree = "<group>"; };
		37EDD7C11D111C03005E79F9 /* 10283709,2560,1600.jpg */ = {isa = PBXFileReference; lastKnownFileType = image.jpeg; path = "10283709,2560,1600.jpg"; sourceTree = "<group>"; };
		37EDD7C21D111C03005E79F9 /* 10335130,2560,1600.jpg */ = {isa = PBXFileReference; lastKnownFileType = image.jpeg; path = "10335130,2560,1600.jpg"; sourceTree = "<group>"; };
		37EDD7C31D111C03005E79F9 /* 10816802,2560,1600.jpg */ = {isa = PBXFileReference; lastKnownFileType = image.jpeg; path = "10816802,2560,1600.jpg"; sourceTree = "<group>"; };
		37EDD7C41D111C03005E79F9 /* 10996839,2560,1600.jpg */ = {isa = PBXFileReference; lastKnownFileType = image.jpeg; path = "10996839,2560,1600.jpg"; sourceTree = "<group>"; };
		37EDD7C51D111C03005E79F9 /* 11010596,2560,1600.jpg */ = {isa = PBXFileReference; lastKnownFileType = image.jpeg; path = "11010596,2560,1600.jpg"; sourceTree = "<group>"; };
		37EDD7CF1D111F63005E79F9 /* ViewCell.h */ = {isa = PBXFileReference; fileEncoding = 4; lastKnownFileType = sourcecode.c.h; path = ViewCell.h; sourceTree = "<group>"; };
		37EDD7D01D111F63005E79F9 /* ViewCell.m */ = {isa = PBXFileReference; fileEncoding = 4; lastKnownFileType = sourcecode.c.objc; path = ViewCell.m; sourceTree = "<group>"; };
		37EDD7D21D111FA6005E79F9 /* DeatilViewController.h */ = {isa = PBXFileReference; fileEncoding = 4; lastKnownFileType = sourcecode.c.h; path = DeatilViewController.h; sourceTree = "<group>"; };
		37EDD7D31D111FA6005E79F9 /* DeatilViewController.m */ = {isa = PBXFileReference; fileEncoding = 4; lastKnownFileType = sourcecode.c.objc; path = DeatilViewController.m; sourceTree = "<group>"; };
		37EDD7D51D112695005E79F9 /* Accelerate.framework */ = {isa = PBXFileReference; lastKnownFileType = wrapper.framework; name = Accelerate.framework; path = System/Library/Frameworks/Accelerate.framework; sourceTree = SDKROOT; };
		37EDD7D71D112970005E79F9 /* UIImage+ImageEffects.h */ = {isa = PBXFileReference; fileEncoding = 4; lastKnownFileType = sourcecode.c.h; path = "UIImage+ImageEffects.h"; sourceTree = "<group>"; };
		37EDD7D81D112970005E79F9 /* UIImage+ImageEffects.m */ = {isa = PBXFileReference; fileEncoding = 4; lastKnownFileType = sourcecode.c.objc; path = "UIImage+ImageEffects.m"; sourceTree = "<group>"; };
/* End PBXFileReference section */

/* Begin PBXFrameworksBuildPhase section */
		37EDD7A41D111BAD005E79F9 /* Frameworks */ = {
			isa = PBXFrameworksBuildPhase;
			buildActionMask = 2147483647;
			files = (
				37EDD7D61D112695005E79F9 /* Accelerate.framework in Frameworks */,
			);
			runOnlyForDeploymentPostprocessing = 0;
		};
/* End PBXFrameworksBuildPhase section */

/* Begin PBXGroup section */
		37EDD79E1D111BAD005E79F9 = {
			isa = PBXGroup;
			children = (
				37EDD7D51D112695005E79F9 /* Accelerate.framework */,
				37EDD7A91D111BAD005E79F9 /* MistinessViewDemo */,
				37EDD7A81D111BAD005E79F9 /* Products */,
			);
			sourceTree = "<group>";
		};
		37EDD7A81D111BAD005E79F9 /* Products */ = {
			isa = PBXGroup;
			children = (
				37EDD7A71D111BAD005E79F9 /* MistinessViewDemo.app */,
			);
			name = Products;
			sourceTree = "<group>";
		};
		37EDD7A91D111BAD005E79F9 /* MistinessViewDemo */ = {
			isa = PBXGroup;
			children = (
				37EDD7D71D112970005E79F9 /* UIImage+ImageEffects.h */,
				37EDD7D81D112970005E79F9 /* UIImage+ImageEffects.m */,
				37EDD7CB1D111C0D005E79F9 /* image */,
				37EDD7AD1D111BAD005E79F9 /* AppDelegate.h */,
				37EDD7AE1D111BAD005E79F9 /* AppDelegate.m */,
				37EDD7B01D111BAD005E79F9 /* ViewController.h */,
				37EDD7B11D111BAD005E79F9 /* ViewController.m */,
				37EDD7B31D111BAD005E79F9 /* Main.storyboard */,
				37EDD7B61D111BAD005E79F9 /* Assets.xcassets */,
				37EDD7B81D111BAD005E79F9 /* LaunchScreen.storyboard */,
				37EDD7BB1D111BAD005E79F9 /* Info.plist */,
				37EDD7AA1D111BAD005E79F9 /* Supporting Files */,
				37EDD7CF1D111F63005E79F9 /* ViewCell.h */,
				37EDD7D01D111F63005E79F9 /* ViewCell.m */,
				37EDD7D21D111FA6005E79F9 /* DeatilViewController.h */,
				37EDD7D31D111FA6005E79F9 /* DeatilViewController.m */,
			);
			path = MistinessViewDemo;
			sourceTree = "<group>";
		};
		37EDD7AA1D111BAD005E79F9 /* Supporting Files */ = {
			isa = PBXGroup;
			children = (
				37EDD7AB1D111BAD005E79F9 /* main.m */,
			);
			name = "Supporting Files";
			sourceTree = "<group>";
		};
		37EDD7CB1D111C0D005E79F9 /* image */ = {
			isa = PBXGroup;
			children = (
				37EDD7C11D111C03005E79F9 /* 10283709,2560,1600.jpg */,
				37EDD7C21D111C03005E79F9 /* 10335130,2560,1600.jpg */,
				37EDD7C31D111C03005E79F9 /* 10816802,2560,1600.jpg */,
				37EDD7C41D111C03005E79F9 /* 10996839,2560,1600.jpg */,
				37EDD7C51D111C03005E79F9 /* 11010596,2560,1600.jpg */,
			);
			name = image;
			sourceTree = "<group>";
		};
/* End PBXGroup section */

/* Begin PBXNativeTarget section */
		37EDD7A61D111BAD005E79F9 /* MistinessViewDemo */ = {
			isa = PBXNativeTarget;
			buildConfigurationList = 37EDD7BE1D111BAD005E79F9 /* Build configuration list for PBXNativeTarget "MistinessViewDemo" */;
			buildPhases = (
				37EDD7A31D111BAD005E79F9 /* Sources */,
				37EDD7A41D111BAD005E79F9 /* Frameworks */,
				37EDD7A51D111BAD005E79F9 /* Resources */,
			);
			buildRules = (
			);
			dependencies = (
			);
			name = MistinessViewDemo;
			productName = MistinessViewDemo;
			productReference = 37EDD7A71D111BAD005E79F9 /* MistinessViewDemo.app */;
			productType = "com.apple.product-type.application";
		};
/* End PBXNativeTarget section */

/* Begin PBXProject section */
		37EDD79F1D111BAD005E79F9 /* Project object */ = {
			isa = PBXProject;
			attributes = {
				LastUpgradeCheck = 0730;
				ORGANIZATIONNAME = guochaoyang;
				TargetAttributes = {
					37EDD7A61D111BAD005E79F9 = {
						CreatedOnToolsVersion = 7.3.1;
					};
				};
			};
			buildConfigurationList = 37EDD7A21D111BAD005E79F9 /* Build configuration list for PBXProject "MistinessViewDemo" */;
			compatibilityVersion = "Xcode 3.2";
			developmentRegion = English;
			hasScannedForEncodings = 0;
			knownRegions = (
				en,
				Base,
			);
			mainGroup = 37EDD79E1D111BAD005E79F9;
			productRefGroup = 37EDD7A81D111BAD005E79F9 /* Products */;
			projectDirPath = "";
			projectRoot = "";
			targets = (
				37EDD7A61D111BAD005E79F9 /* MistinessViewDemo */,
			);
		};
/* End PBXProject section */

/* Begin PBXResourcesBuildPhase section */
		37EDD7A51D111BAD005E79F9 /* Resources */ = {
			isa = PBXResourcesBuildPhase;
			buildActionMask = 2147483647;
			files = (
				37EDD7CA1D111C03005E79F9 /* 11010596,2560,1600.jpg in Resources */,
				37EDD7BA1D111BAD005E79F9 /* LaunchScreen.storyboard in Resources */,
				37EDD7B71D111BAD005E79F9 /* Assets.xcassets in Resources */,
				37EDD7B51D111BAD005E79F9 /* Main.storyboard in Resources */,
				37EDD7C81D111C03005E79F9 /* 10816802,2560,1600.jpg in Resources */,
				37EDD7C91D111C03005E79F9 /* 10996839,2560,1600.jpg in Resources */,
				37EDD7C71D111C03005E79F9 /* 10335130,2560,1600.jpg in Resources */,
				37EDD7C61D111C03005E79F9 /* 10283709,2560,1600.jpg in Resources */,
			);
			runOnlyForDeploymentPostprocessing = 0;
		};
/* End PBXResourcesBuildPhase section */

/* Begin PBXSourcesBuildPhase section */
		37EDD7A31D111BAD005E79F9 /* Sources */ = {
			isa = PBXSourcesBuildPhase;
			buildActionMask = 2147483647;
			files = (
				37EDD7D11D111F63005E79F9 /* ViewCell.m in Sources */,
				37EDD7D41D111FA6005E79F9 /* DeatilViewController.m in Sources */,
				37EDD7D91D112970005E79F9 /* UIImage+ImageEffects.m in Sources */,
				37EDD7B21D111BAD005E79F9 /* ViewController.m in Sources */,
				37EDD7AF1D111BAD005E79F9 /* AppDelegate.m in Sources */,
				37EDD7AC1D111BAD005E79F9 /* main.m in Sources */,
			);
			runOnlyForDeploymentPostprocessing = 0;
		};
/* End PBXSourcesBuildPhase section */

/* Begin PBXVariantGroup section */
		37EDD7B31D111BAD005E79F9 /* Main.storyboard */ = {
			isa = PBXVariantGroup;
			children = (
				37EDD7B41D111BAD005E79F9 /* Base */,
			);
			name = Main.storyboard;
			sourceTree = "<group>";
		};
		37EDD7B81D111BAD005E79F9 /* LaunchScreen.storyboard */ = {
			isa = PBXVariantGroup;
			children = (
				37EDD7B91D111BAD005E79F9 /* Base */,
			);
			name = LaunchScreen.storyboard;
			sourceTree = "<group>";
		};
/* End PBXVariantGroup section */

/* Begin XCBuildConfiguration section */
		37EDD7BC1D111BAD005E79F9 /* Debug */ = {
			isa = XCBuildConfiguration;
			buildSettings = {
				ALWAYS_SEARCH_USER_PATHS = NO;
				CLANG_ANALYZER_NONNULL = YES;
				CLANG_CXX_LANGUAGE_STANDARD = "gnu++0x";
				CLANG_CXX_LIBRARY = "libc++";
				CLANG_ENABLE_MODULES = YES;
				CLANG_ENABLE_OBJC_ARC = YES;
				CLANG_WARN_BOOL_CONVERSION = YES;
				CLANG_WARN_CONSTANT_CONVERSION = YES;
				CLANG_WARN_DIRECT_OBJC_ISA_USAGE = YES_ERROR;
				CLANG_WARN_EMPTY_BODY = YES;
				CLANG_WARN_ENUM_CONVERSION = YES;
				CLANG_WARN_INT_CONVERSION = YES;
				CLANG_WARN_OBJC_ROOT_CLASS = YES_ERROR;
				CLANG_WARN_UNREACHABLE_CODE = YES;
				CLANG_WARN__DUPLICATE_METHOD_MATCH = YES;
				"CODE_SIGN_IDENTITY[sdk=iphoneos*]" = "iPhone Developer";
				COPY_PHASE_STRIP = NO;
				DEBUG_INFORMATION_FORMAT = dwarf;
				ENABLE_STRICT_OBJC_MSGSEND = YES;
				ENABLE_TESTABILITY = YES;
				GCC_C_LANGUAGE_STANDARD = gnu99;
				GCC_DYNAMIC_NO_PIC = NO;
				GCC_NO_COMMON_BLOCKS = YES;
				GCC_OPTIMIZATION_LEVEL = 0;
				GCC_PREPROCESSOR_DEFINITIONS = (
					"DEBUG=1",
					"$(inherited)",
				);
				GCC_WARN_64_TO_32_BIT_CONVERSION = YES;
				GCC_WARN_ABOUT_RETURN_TYPE = YES_ERROR;
				GCC_WARN_UNDECLARED_SELECTOR = YES;
				GCC_WARN_UNINITIALIZED_AUTOS = YES_AGGRESSIVE;
				GCC_WARN_UNUSED_FUNCTION = YES;
				GCC_WARN_UNUSED_VARIABLE = YES;
				IPHONEOS_DEPLOYMENT_TARGET = 7.0;
				MTL_ENABLE_DEBUG_INFO = YES;
				ONLY_ACTIVE_ARCH = YES;
				SDKROOT = iphoneos;
				TARGETED_DEVICE_FAMILY = "1,2";
			};
			name = Debug;
		};
		37EDD7BD1D111BAD005E79F9 /* Release */ = {
			isa = XCBuildConfiguration;
			buildSettings = {
				ALWAYS_SEARCH_USER_PATHS = NO;
				CLANG_ANALYZER_NONNULL = YES;
				CLANG_CXX_LANGUAGE_STANDARD = "gnu++0x";
				CLANG_CXX_LIBRARY = "libc++";
				CLANG_ENABLE_MODULES = YES;
				CLANG_ENABLE_OBJC_ARC = YES;
				CLANG_WARN_BOOL_CONVERSION = YES;
				CLANG_WARN_CONSTANT_CONVERSION = YES;
				CLANG_WARN_DIRECT_OBJC_ISA_USAGE = YES_ERROR;
				CLANG_WARN_EMPTY_BODY = YES;
				CLANG_WARN_ENUM_CONVERSION = YES;
				CLANG_WARN_INT_CONVERSION = YES;
				CLANG_WARN_OBJC_ROOT_CLASS = YES_ERROR;
				CLANG_WARN_UNREACHABLE_CODE = YES;
				CLANG_WARN__DUPLICATE_METHOD_MATCH = YES;
				"CODE_SIGN_IDENTITY[sdk=iphoneos*]" = "iPhone Developer";
				COPY_PHASE_STRIP = NO;
				DEBUG_INFORMATION_FORMAT = "dwarf-with-dsym";
				ENABLE_NS_ASSERTIONS = NO;
				ENABLE_STRICT_OBJC_MSGSEND = YES;
				GCC_C_LANGUAGE_STANDARD = gnu99;
				GCC_NO_COMMON_BLOCKS = YES;
				GCC_WARN_64_TO_32_BIT_CONVERSION = YES;
				GCC_WARN_ABOUT_RETURN_TYPE = YES_ERROR;
				GCC_WARN_UNDECLARED_SELECTOR = YES;
				GCC_WARN_UNINITIALIZED_AUTOS = YES_AGGRESSIVE;
				GCC_WARN_UNUSED_FUNCTION = YES;
				GCC_WARN_UNUSED_VARIABLE = YES;
				IPHONEOS_DEPLOYMENT_TARGET = 7.0;
				MTL_ENABLE_DEBUG_INFO = NO;
				SDKROOT = iphoneos;
				TARGETED_DEVICE_FAMILY = "1,2";
				VALIDATE_PRODUCT = YES;
			};
			name = Release;
		};
		37EDD7BF1D111BAD005E79F9 /* Debug */ = {
			isa = XCBuildConfiguration;
			buildSettings = {
				ASSETCATALOG_COMPILER_APPICON_NAME = AppIcon;
				INFOPLIST_FILE = MistinessViewDemo/Info.plist;
				IPHONEOS_DEPLOYMENT_TARGET = 7.0;
				LD_RUNPATH_SEARCH_PATHS = "$(inherited) @executable_path/Frameworks";
				PRODUCT_BUNDLE_IDENTIFIER = com.MistinessViewDemo;
				PRODUCT_NAME = "$(TARGET_NAME)";
			};
			name = Debug;
		};
		37EDD7C01D111BAD005E79F9 /* Release */ = {
			isa = XCBuildConfiguration;
			buildSettings = {
				ASSETCATALOG_COMPILER_APPICON_NAME = AppIcon;
				INFOPLIST_FILE = MistinessViewDemo/Info.plist;
				IPHONEOS_DEPLOYMENT_TARGET = 7.0;
				LD_RUNPATH_SEARCH_PATHS = "$(inherited) @executable_path/Frameworks";
				PRODUCT_BUNDLE_IDENTIFIER = com.MistinessViewDemo;
				PRODUCT_NAME = "$(TARGET_NAME)";
			};
			name = Release;
		};
/* End XCBuildConfiguration section */

/* Begin XCConfigurationList section */
		37EDD7A21D111BAD005E79F9 /* Build configuration list for PBXProject "MistinessViewDemo" */ = {
			isa = XCConfigurationList;
			buildConfigurations = (
				37EDD7BC1D111BAD005E79F9 /* Debug */,
				37EDD7BD1D111BAD005E79F9 /* Release */,
			);
			defaultConfigurationIsVisible = 0;
			defaultConfigurationName = Release;
		};
		37EDD7BE1D111BAD005E79F9 /* Build configuration list for PBXNativeTarget "MistinessViewDemo" */ = {
			isa = XCConfigurationList;
			buildConfigurations = (
				37EDD7BF1D111BAD005E79F9 /* Debug */,
				37EDD7C01D111BAD005E79F9 /* Release */,
			);
			defaultConfigurationIsVisible = 0;
		};
/* End XCConfigurationList section */
	};
	rootObject = 37EDD79F1D111BAD005E79F9 /* Project object */;
}
